
Microsoft Visual Studio Solution File, Format Version 12.00
# Visual Studio Version 17
VisualStudioVersion = 17.0.32112.339
MinimumVisualStudioVersion = 10.0.40219.1
Project("{FAE04EC0-301F-11D3-BF4B-00C04F79EFBC}") = "ShopApp.Api", "ShopApp.Api\ShopApp.Api.csproj", "{6FFE9329-7CC2-4850-AEF5-A6712E96ED8C}"
EndProject
Project("{2150E333-8FDC-42A3-9474-1A3956D46DE8}") = "ProjectNotes", "ProjectNotes", "{3AAD03E8-696E-4661-B969-ED26EF7FD3A5}"
	ProjectSection(SolutionItems) = preProject
		ProjeNotlari.txt = ProjeNotlari.txt
	EndProjectSection
EndProject
Global
	GlobalSection(SolutionConfigurationPlatforms) = preSolution
		Debug|Any CPU = Debug|Any CPU
		Release|Any CPU = Release|Any CPU
	EndGlobalSection
	GlobalSection(ProjectConfigurationPlatforms) = postSolution
		{6FFE9329-7CC2-4850-AEF5-A6712E96ED8C}.Debug|Any CPU.ActiveCfg = Debug|Any CPU
		{6FFE9329-7CC2-4850-AEF5-A6712E96ED8C}.Debug|Any CPU.Build.0 = Debug|Any CPU
		{6FFE9329-7CC2-4850-AEF5-A6712E96ED8C}.Release|Any CPU.ActiveCfg = Release|Any CPU
		{6FFE9329-7CC2-4850-AEF5-A6712E96ED8C}.Release|Any CPU.Build.0 = Release|Any CPU
	EndGlobalSection
	GlobalSection(SolutionProperties) = preSolution
		HideSolutionNode = FALSE
	EndGlobalSection
	GlobalSection(ExtensibilityGlobals) = postSolution
		SolutionGuid = {1E3B21FF-7242-4443-80E9-D1365F493840}
	EndGlobalSection
EndGlobal
